// !$*UTF8*$!
{
	archiveVersion = 1;
	classes = {
	};
	objectVersion = 50;
	objects = {

/* Begin PBXBuildFile section */
		70DB2C7C23F5270E00AEDAC4 /* AppDelegate.swift in Sources */ = {isa = PBXBuildFile; fileRef = 70DB2C7B23F5270E00AEDAC4 /* AppDelegate.swift */; };
		70DB2C7E23F5270E00AEDAC4 /* SceneDelegate.swift in Sources */ = {isa = PBXBuildFile; fileRef = 70DB2C7D23F5270E00AEDAC4 /* SceneDelegate.swift */; };
		70DB2C8023F5270E00AEDAC4 /* ViewController.swift in Sources */ = {isa = PBXBuildFile; fileRef = 70DB2C7F23F5270E00AEDAC4 /* ViewController.swift */; };
		70DB2C8323F5270E00AEDAC4 /* Main.storyboard in Resources */ = {isa = PBXBuildFile; fileRef = 70DB2C8123F5270E00AEDAC4 /* Main.storyboard */; };
		70DB2C8623F5270E00AEDAC4 /* EcommerceTemplate.xcdatamodeld in Sources */ = {isa = PBXBuildFile; fileRef = 70DB2C8423F5270E00AEDAC4 /* EcommerceTemplate.xcdatamodeld */; };
		70DB2C8823F5271200AEDAC4 /* Assets.xcassets in Resources */ = {isa = PBXBuildFile; fileRef = 70DB2C8723F5271200AEDAC4 /* Assets.xcassets */; };
		70DB2C8B23F5271200AEDAC4 /* LaunchScreen.storyboard in Resources */ = {isa = PBXBuildFile; fileRef = 70DB2C8923F5271200AEDAC4 /* LaunchScreen.storyboard */; };
		70DB2C9623F5271200AEDAC4 /* EcommerceTemplateTests.swift in Sources */ = {isa = PBXBuildFile; fileRef = 70DB2C9523F5271200AEDAC4 /* EcommerceTemplateTests.swift */; };
		70DB2CA923F54B0800AEDAC4 /* Category+CoreDataClass.swift in Sources */ = {isa = PBXBuildFile; fileRef = 70DB2CA123F54B0800AEDAC4 /* Category+CoreDataClass.swift */; };
		70DB2CAA23F54B0800AEDAC4 /* Category+CoreDataProperties.swift in Sources */ = {isa = PBXBuildFile; fileRef = 70DB2CA223F54B0800AEDAC4 /* Category+CoreDataProperties.swift */; };
		70DB2CAB23F54B0800AEDAC4 /* Item+CoreDataClass.swift in Sources */ = {isa = PBXBuildFile; fileRef = 70DB2CA323F54B0800AEDAC4 /* Item+CoreDataClass.swift */; };
		70DB2CAC23F54B0800AEDAC4 /* Item+CoreDataProperties.swift in Sources */ = {isa = PBXBuildFile; fileRef = 70DB2CA423F54B0800AEDAC4 /* Item+CoreDataProperties.swift */; };
		70DB2CAD23F54B0800AEDAC4 /* SortingValues+CoreDataClass.swift in Sources */ = {isa = PBXBuildFile; fileRef = 70DB2CA523F54B0800AEDAC4 /* SortingValues+CoreDataClass.swift */; };
		70DB2CAE23F54B0800AEDAC4 /* SortingValues+CoreDataProperties.swift in Sources */ = {isa = PBXBuildFile; fileRef = 70DB2CA623F54B0800AEDAC4 /* SortingValues+CoreDataProperties.swift */; };
		70DB2CAF23F54B0800AEDAC4 /* Tag+CoreDataClass.swift in Sources */ = {isa = PBXBuildFile; fileRef = 70DB2CA723F54B0800AEDAC4 /* Tag+CoreDataClass.swift */; };
		70DB2CB023F54B0800AEDAC4 /* Tag+CoreDataProperties.swift in Sources */ = {isa = PBXBuildFile; fileRef = 70DB2CA823F54B0800AEDAC4 /* Tag+CoreDataProperties.swift */; };
		70DB2CB423F55AED00AEDAC4 /* Item.storyboard in Resources */ = {isa = PBXBuildFile; fileRef = 70DB2CB323F55AED00AEDAC4 /* Item.storyboard */; };
		70DB2CB723F55CD000AEDAC4 /* SuperCategoryViewController.swift in Sources */ = {isa = PBXBuildFile; fileRef = 70DB2CB623F55CD000AEDAC4 /* SuperCategoryViewController.swift */; };
		70DBE07523F92B1200BB4A24 /* CategoryCollectionViewCell.swift in Sources */ = {isa = PBXBuildFile; fileRef = 70DBE07423F92B1200BB4A24 /* CategoryCollectionViewCell.swift */; };
		70DBE07823FBC7F200BB4A24 /* CollectionViewSectionBuilder.swift in Sources */ = {isa = PBXBuildFile; fileRef = 70DBE07723FBC7F200BB4A24 /* CollectionViewSectionBuilder.swift */; };
		70DBE07D23FD148700BB4A24 /* CategoryServiceType.swift in Sources */ = {isa = PBXBuildFile; fileRef = 70DBE07C23FD148700BB4A24 /* CategoryServiceType.swift */; };
		70DBE07F23FD14C700BB4A24 /* CategoryService.swift in Sources */ = {isa = PBXBuildFile; fileRef = 70DBE07E23FD14C700BB4A24 /* CategoryService.swift */; };
		70DBE08123FD1AC500BB4A24 /* CategoryViewModel.swift in Sources */ = {isa = PBXBuildFile; fileRef = 70DBE08023FD1AC500BB4A24 /* CategoryViewModel.swift */; };
		70DBE08523FD2A7800BB4A24 /* ViewModelProvided.swift in Sources */ = {isa = PBXBuildFile; fileRef = 70DBE08423FD2A7800BB4A24 /* ViewModelProvided.swift */; };
/* End PBXBuildFile section */

/* Begin PBXContainerItemProxy section */
		70DB2C9223F5271200AEDAC4 /* PBXContainerItemProxy */ = {
			isa = PBXContainerItemProxy;
			containerPortal = 70DB2C7023F5270E00AEDAC4 /* Project object */;
			proxyType = 1;
			remoteGlobalIDString = 70DB2C7723F5270E00AEDAC4;
			remoteInfo = EcommerceTemplate;
		};
/* End PBXContainerItemProxy section */

/* Begin PBXFileReference section */
		70DB2C7823F5270E00AEDAC4 /* EcommerceTemplate.app */ = {isa = PBXFileReference; explicitFileType = wrapper.application; includeInIndex = 0; path = EcommerceTemplate.app; sourceTree = BUILT_PRODUCTS_DIR; };
		70DB2C7B23F5270E00AEDAC4 /* AppDelegate.swift */ = {isa = PBXFileReference; lastKnownFileType = sourcecode.swift; path = AppDelegate.swift; sourceTree = "<group>"; };
		70DB2C7D23F5270E00AEDAC4 /* SceneDelegate.swift */ = {isa = PBXFileReference; lastKnownFileType = sourcecode.swift; path = SceneDelegate.swift; sourceTree = "<group>"; };
		70DB2C7F23F5270E00AEDAC4 /* ViewController.swift */ = {isa = PBXFileReference; lastKnownFileType = sourcecode.swift; path = ViewController.swift; sourceTree = "<group>"; };
		70DB2C8223F5270E00AEDAC4 /* Base */ = {isa = PBXFileReference; lastKnownFileType = file.storyboard; name = Base; path = Base.lproj/Main.storyboard; sourceTree = "<group>"; };
		70DB2C8523F5270E00AEDAC4 /* EcommerceTemplate.xcdatamodel */ = {isa = PBXFileReference; lastKnownFileType = wrapper.xcdatamodel; path = EcommerceTemplate.xcdatamodel; sourceTree = "<group>"; };
		70DB2C8723F5271200AEDAC4 /* Assets.xcassets */ = {isa = PBXFileReference; lastKnownFileType = folder.assetcatalog; path = Assets.xcassets; sourceTree = "<group>"; };
		70DB2C8A23F5271200AEDAC4 /* Base */ = {isa = PBXFileReference; lastKnownFileType = file.storyboard; name = Base; path = Base.lproj/LaunchScreen.storyboard; sourceTree = "<group>"; };
		70DB2C8C23F5271200AEDAC4 /* Info.plist */ = {isa = PBXFileReference; lastKnownFileType = text.plist.xml; path = Info.plist; sourceTree = "<group>"; };
		70DB2C9123F5271200AEDAC4 /* EcommerceTemplateTests.xctest */ = {isa = PBXFileReference; explicitFileType = wrapper.cfbundle; includeInIndex = 0; path = EcommerceTemplateTests.xctest; sourceTree = BUILT_PRODUCTS_DIR; };
		70DB2C9523F5271200AEDAC4 /* EcommerceTemplateTests.swift */ = {isa = PBXFileReference; lastKnownFileType = sourcecode.swift; path = EcommerceTemplateTests.swift; sourceTree = "<group>"; };
		70DB2C9723F5271300AEDAC4 /* Info.plist */ = {isa = PBXFileReference; lastKnownFileType = text.plist.xml; path = Info.plist; sourceTree = "<group>"; };
		70DB2CA123F54B0800AEDAC4 /* Category+CoreDataClass.swift */ = {isa = PBXFileReference; lastKnownFileType = sourcecode.swift; path = "Category+CoreDataClass.swift"; sourceTree = "<group>"; };
		70DB2CA223F54B0800AEDAC4 /* Category+CoreDataProperties.swift */ = {isa = PBXFileReference; lastKnownFileType = sourcecode.swift; path = "Category+CoreDataProperties.swift"; sourceTree = "<group>"; };
		70DB2CA323F54B0800AEDAC4 /* Item+CoreDataClass.swift */ = {isa = PBXFileReference; lastKnownFileType = sourcecode.swift; path = "Item+CoreDataClass.swift"; sourceTree = "<group>"; };
		70DB2CA423F54B0800AEDAC4 /* Item+CoreDataProperties.swift */ = {isa = PBXFileReference; lastKnownFileType = sourcecode.swift; path = "Item+CoreDataProperties.swift"; sourceTree = "<group>"; };
		70DB2CA523F54B0800AEDAC4 /* SortingValues+CoreDataClass.swift */ = {isa = PBXFileReference; lastKnownFileType = sourcecode.swift; path = "SortingValues+CoreDataClass.swift"; sourceTree = "<group>"; };
		70DB2CA623F54B0800AEDAC4 /* SortingValues+CoreDataProperties.swift */ = {isa = PBXFileReference; lastKnownFileType = sourcecode.swift; path = "SortingValues+CoreDataProperties.swift"; sourceTree = "<group>"; };
		70DB2CA723F54B0800AEDAC4 /* Tag+CoreDataClass.swift */ = {isa = PBXFileReference; lastKnownFileType = sourcecode.swift; path = "Tag+CoreDataClass.swift"; sourceTree = "<group>"; };
		70DB2CA823F54B0800AEDAC4 /* Tag+CoreDataProperties.swift */ = {isa = PBXFileReference; lastKnownFileType = sourcecode.swift; path = "Tag+CoreDataProperties.swift"; sourceTree = "<group>"; };
		70DB2CB323F55AED00AEDAC4 /* Item.storyboard */ = {isa = PBXFileReference; lastKnownFileType = file.storyboard; path = Item.storyboard; sourceTree = "<group>"; };
		70DB2CB623F55CD000AEDAC4 /* SuperCategoryViewController.swift */ = {isa = PBXFileReference; lastKnownFileType = sourcecode.swift; path = SuperCategoryViewController.swift; sourceTree = "<group>"; };
		70DBE07423F92B1200BB4A24 /* CategoryCollectionViewCell.swift */ = {isa = PBXFileReference; lastKnownFileType = sourcecode.swift; path = CategoryCollectionViewCell.swift; sourceTree = "<group>"; };
		70DBE07723FBC7F200BB4A24 /* CollectionViewSectionBuilder.swift */ = {isa = PBXFileReference; lastKnownFileType = sourcecode.swift; path = CollectionViewSectionBuilder.swift; sourceTree = "<group>"; };
		70DBE07C23FD148700BB4A24 /* CategoryServiceType.swift */ = {isa = PBXFileReference; lastKnownFileType = sourcecode.swift; path = CategoryServiceType.swift; sourceTree = "<group>"; };
		70DBE07E23FD14C700BB4A24 /* CategoryService.swift */ = {isa = PBXFileReference; lastKnownFileType = sourcecode.swift; path = CategoryService.swift; sourceTree = "<group>"; };
		70DBE08023FD1AC500BB4A24 /* CategoryViewModel.swift */ = {isa = PBXFileReference; lastKnownFileType = sourcecode.swift; path = CategoryViewModel.swift; sourceTree = "<group>"; };
		70DBE08423FD2A7800BB4A24 /* ViewModelProvided.swift */ = {isa = PBXFileReference; lastKnownFileType = sourcecode.swift; path = ViewModelProvided.swift; sourceTree = "<group>"; };
/* End PBXFileReference section */

/* Begin PBXFrameworksBuildPhase section */
		70DB2C7523F5270E00AEDAC4 /* Frameworks */ = {
			isa = PBXFrameworksBuildPhase;
			buildActionMask = 2147483647;
			files = (
			);
			runOnlyForDeploymentPostprocessing = 0;
		};
		70DB2C8E23F5271200AEDAC4 /* Frameworks */ = {
			isa = PBXFrameworksBuildPhase;
			buildActionMask = 2147483647;
			files = (
			);
			runOnlyForDeploymentPostprocessing = 0;
		};
/* End PBXFrameworksBuildPhase section */

/* Begin PBXGroup section */
		70DB2C6F23F5270E00AEDAC4 = {
			isa = PBXGroup;
			children = (
				70DB2C7A23F5270E00AEDAC4 /* EcommerceTemplate */,
				70DB2C9423F5271200AEDAC4 /* EcommerceTemplateTests */,
				70DB2C7923F5270E00AEDAC4 /* Products */,
			);
			sourceTree = "<group>";
		};
		70DB2C7923F5270E00AEDAC4 /* Products */ = {
			isa = PBXGroup;
			children = (
				70DB2C7823F5270E00AEDAC4 /* EcommerceTemplate.app */,
				70DB2C9123F5271200AEDAC4 /* EcommerceTemplateTests.xctest */,
			);
			name = Products;
			sourceTree = "<group>";
		};
		70DB2C7A23F5270E00AEDAC4 /* EcommerceTemplate */ = {
			isa = PBXGroup;
			children = (
				70DBE07A23FD11C900BB4A24 /* Business */,
				70DBE07923FD11BC00BB4A24 /* Services */,
				70DB2CB123F55AA800AEDAC4 /* View */,
				70DB2CA023F54A6C00AEDAC4 /* Model */,
				70DB2C7B23F5270E00AEDAC4 /* AppDelegate.swift */,
				70DB2C7D23F5270E00AEDAC4 /* SceneDelegate.swift */,
				70DB2C7F23F5270E00AEDAC4 /* ViewController.swift */,
				70DB2C8123F5270E00AEDAC4 /* Main.storyboard */,
				70DB2C8723F5271200AEDAC4 /* Assets.xcassets */,
				70DB2C8923F5271200AEDAC4 /* LaunchScreen.storyboard */,
				70DB2C8C23F5271200AEDAC4 /* Info.plist */,
				70DB2C8423F5270E00AEDAC4 /* EcommerceTemplate.xcdatamodeld */,
			);
			path = EcommerceTemplate;
			sourceTree = "<group>";
		};
		70DB2C9423F5271200AEDAC4 /* EcommerceTemplateTests */ = {
			isa = PBXGroup;
			children = (
				70DB2C9523F5271200AEDAC4 /* EcommerceTemplateTests.swift */,
				70DB2C9723F5271300AEDAC4 /* Info.plist */,
			);
			path = EcommerceTemplateTests;
			sourceTree = "<group>";
		};
		70DB2CA023F54A6C00AEDAC4 /* Model */ = {
			isa = PBXGroup;
			children = (
				70DB2CA123F54B0800AEDAC4 /* Category+CoreDataClass.swift */,
				70DB2CA223F54B0800AEDAC4 /* Category+CoreDataProperties.swift */,
				70DB2CA323F54B0800AEDAC4 /* Item+CoreDataClass.swift */,
				70DB2CA423F54B0800AEDAC4 /* Item+CoreDataProperties.swift */,
				70DB2CA523F54B0800AEDAC4 /* SortingValues+CoreDataClass.swift */,
				70DB2CA623F54B0800AEDAC4 /* SortingValues+CoreDataProperties.swift */,
				70DB2CA723F54B0800AEDAC4 /* Tag+CoreDataClass.swift */,
				70DB2CA823F54B0800AEDAC4 /* Tag+CoreDataProperties.swift */,
			);
			path = Model;
			sourceTree = "<group>";
		};
		70DB2CB123F55AA800AEDAC4 /* View */ = {
			isa = PBXGroup;
			children = (
				70DBE07623FBC6FE00BB4A24 /* SectionBuilder */,
				70DBE07323F92B0100BB4A24 /* Cells */,
				70DB2CB523F55C8D00AEDAC4 /* Controllers */,
				70DB2CB223F55AB000AEDAC4 /* Storyboards */,
			);
			path = View;
			sourceTree = "<group>";
		};
		70DB2CB223F55AB000AEDAC4 /* Storyboards */ = {
			isa = PBXGroup;
			children = (
				70DB2CB323F55AED00AEDAC4 /* Item.storyboard */,
			);
			path = Storyboards;
			sourceTree = "<group>";
		};
		70DB2CB523F55C8D00AEDAC4 /* Controllers */ = {
			isa = PBXGroup;
			children = (
				70DB2CB623F55CD000AEDAC4 /* SuperCategoryViewController.swift */,
				70DBE08423FD2A7800BB4A24 /* ViewModelProvided.swift */,
			);
			path = Controllers;
			sourceTree = "<group>";
		};
		70DBE07323F92B0100BB4A24 /* Cells */ = {
			isa = PBXGroup;
			children = (
				70DBE07423F92B1200BB4A24 /* CategoryCollectionViewCell.swift */,
			);
			path = Cells;
			sourceTree = "<group>";
		};
		70DBE07623FBC6FE00BB4A24 /* SectionBuilder */ = {
			isa = PBXGroup;
			children = (
				70DBE07723FBC7F200BB4A24 /* CollectionViewSectionBuilder.swift */,
			);
			path = SectionBuilder;
			sourceTree = "<group>";
		};
		70DBE07923FD11BC00BB4A24 /* Services */ = {
			isa = PBXGroup;
			children = (
				70DBE07C23FD148700BB4A24 /* CategoryServiceType.swift */,
				70DBE07E23FD14C700BB4A24 /* CategoryService.swift */,
			);
			path = Services;
			sourceTree = "<group>";
		};
		70DBE07A23FD11C900BB4A24 /* Business */ = {
			isa = PBXGroup;
			children = (
				70DBE07B23FD11E600BB4A24 /* ViewModels */,
			);
			path = Business;
			sourceTree = "<group>";
		};
		70DBE07B23FD11E600BB4A24 /* ViewModels */ = {
			isa = PBXGroup;
			children = (
				70DBE08023FD1AC500BB4A24 /* CategoryViewModel.swift */,
			);
			path = ViewModels;
			sourceTree = "<group>";
		};
/* End PBXGroup section */

/* Begin PBXNativeTarget section */
		70DB2C7723F5270E00AEDAC4 /* EcommerceTemplate */ = {
			isa = PBXNativeTarget;
			buildConfigurationList = 70DB2C9A23F5271300AEDAC4 /* Build configuration list for PBXNativeTarget "EcommerceTemplate" */;
			buildPhases = (
				70DB2C7423F5270E00AEDAC4 /* Sources */,
				70DB2C7523F5270E00AEDAC4 /* Frameworks */,
				70DB2C7623F5270E00AEDAC4 /* Resources */,
			);
			buildRules = (
			);
			dependencies = (
			);
			name = EcommerceTemplate;
			productName = EcommerceTemplate;
			productReference = 70DB2C7823F5270E00AEDAC4 /* EcommerceTemplate.app */;
			productType = "com.apple.product-type.application";
		};
		70DB2C9023F5271200AEDAC4 /* EcommerceTemplateTests */ = {
			isa = PBXNativeTarget;
			buildConfigurationList = 70DB2C9D23F5271300AEDAC4 /* Build configuration list for PBXNativeTarget "EcommerceTemplateTests" */;
			buildPhases = (
				70DB2C8D23F5271200AEDAC4 /* Sources */,
				70DB2C8E23F5271200AEDAC4 /* Frameworks */,
				70DB2C8F23F5271200AEDAC4 /* Resources */,
			);
			buildRules = (
			);
			dependencies = (
				70DB2C9323F5271200AEDAC4 /* PBXTargetDependency */,
			);
			name = EcommerceTemplateTests;
			productName = EcommerceTemplateTests;
			productReference = 70DB2C9123F5271200AEDAC4 /* EcommerceTemplateTests.xctest */;
			productType = "com.apple.product-type.bundle.unit-test";
		};
/* End PBXNativeTarget section */

/* Begin PBXProject section */
		70DB2C7023F5270E00AEDAC4 /* Project object */ = {
			isa = PBXProject;
			attributes = {
				LastSwiftUpdateCheck = 1130;
				LastUpgradeCheck = 1130;
				ORGANIZATIONNAME = "Sam Javadizadeh";
				TargetAttributes = {
					70DB2C7723F5270E00AEDAC4 = {
						CreatedOnToolsVersion = 11.3;
					};
					70DB2C9023F5271200AEDAC4 = {
						CreatedOnToolsVersion = 11.3;
						TestTargetID = 70DB2C7723F5270E00AEDAC4;
					};
				};
			};
			buildConfigurationList = 70DB2C7323F5270E00AEDAC4 /* Build configuration list for PBXProject "EcommerceTemplate" */;
			compatibilityVersion = "Xcode 9.3";
			developmentRegion = en;
			hasScannedForEncodings = 0;
			knownRegions = (
				en,
				Base,
			);
			mainGroup = 70DB2C6F23F5270E00AEDAC4;
			productRefGroup = 70DB2C7923F5270E00AEDAC4 /* Products */;
			projectDirPath = "";
			projectRoot = "";
			targets = (
				70DB2C7723F5270E00AEDAC4 /* EcommerceTemplate */,
				70DB2C9023F5271200AEDAC4 /* EcommerceTemplateTests */,
			);
		};
/* End PBXProject section */

/* Begin PBXResourcesBuildPhase section */
		70DB2C7623F5270E00AEDAC4 /* Resources */ = {
			isa = PBXResourcesBuildPhase;
			buildActionMask = 2147483647;
			files = (
				70DB2C8B23F5271200AEDAC4 /* LaunchScreen.storyboard in Resources */,
				70DB2CB423F55AED00AEDAC4 /* Item.storyboard in Resources */,
				70DB2C8823F5271200AEDAC4 /* Assets.xcassets in Resources */,
				70DB2C8323F5270E00AEDAC4 /* Main.storyboard in Resources */,
			);
			runOnlyForDeploymentPostprocessing = 0;
		};
		70DB2C8F23F5271200AEDAC4 /* Resources */ = {
			isa = PBXResourcesBuildPhase;
			buildActionMask = 2147483647;
			files = (
			);
			runOnlyForDeploymentPostprocessing = 0;
		};
/* End PBXResourcesBuildPhase section */

/* Begin PBXSourcesBuildPhase section */
		70DB2C7423F5270E00AEDAC4 /* Sources */ = {
			isa = PBXSourcesBuildPhase;
			buildActionMask = 2147483647;
			files = (
				70DB2C8023F5270E00AEDAC4 /* ViewController.swift in Sources */,
				70DBE07523F92B1200BB4A24 /* CategoryCollectionViewCell.swift in Sources */,
				70DB2CAA23F54B0800AEDAC4 /* Category+CoreDataProperties.swift in Sources */,
				70DB2CB723F55CD000AEDAC4 /* SuperCategoryViewController.swift in Sources */,
				70DB2CB023F54B0800AEDAC4 /* Tag+CoreDataProperties.swift in Sources */,
				70DBE07D23FD148700BB4A24 /* CategoryServiceType.swift in Sources */,
				70DB2CAE23F54B0800AEDAC4 /* SortingValues+CoreDataProperties.swift in Sources */,
				70DB2CAC23F54B0800AEDAC4 /* Item+CoreDataProperties.swift in Sources */,
				70DBE07823FBC7F200BB4A24 /* CollectionViewSectionBuilder.swift in Sources */,
				70DB2C7C23F5270E00AEDAC4 /* AppDelegate.swift in Sources */,
				70DBE08523FD2A7800BB4A24 /* ViewModelProvided.swift in Sources */,
				70DB2C8623F5270E00AEDAC4 /* EcommerceTemplate.xcdatamodeld in Sources */,
				70DB2CA923F54B0800AEDAC4 /* Category+CoreDataClass.swift in Sources */,
				70DB2C7E23F5270E00AEDAC4 /* SceneDelegate.swift in Sources */,
				70DB2CAF23F54B0800AEDAC4 /* Tag+CoreDataClass.swift in Sources */,
				70DBE07F23FD14C700BB4A24 /* CategoryService.swift in Sources */,
				70DB2CAB23F54B0800AEDAC4 /* Item+CoreDataClass.swift in Sources */,
				70DBE08123FD1AC500BB4A24 /* CategoryViewModel.swift in Sources */,
				70DB2CAD23F54B0800AEDAC4 /* SortingValues+CoreDataClass.swift in Sources */,
			);
			runOnlyForDeploymentPostprocessing = 0;
		};
		70DB2C8D23F5271200AEDAC4 /* Sources */ = {
			isa = PBXSourcesBuildPhase;
			buildActionMask = 2147483647;
			files = (
				70DB2C9623F5271200AEDAC4 /* EcommerceTemplateTests.swift in Sources */,
			);
			runOnlyForDeploymentPostprocessing = 0;
		};
/* End PBXSourcesBuildPhase section */

/* Begin PBXTargetDependency section */
		70DB2C9323F5271200AEDAC4 /* PBXTargetDependency */ = {
			isa = PBXTargetDependency;
			target = 70DB2C7723F5270E00AEDAC4 /* EcommerceTemplate */;
			targetProxy = 70DB2C9223F5271200AEDAC4 /* PBXContainerItemProxy */;
		};
/* End PBXTargetDependency section */

/* Begin PBXVariantGroup section */
		70DB2C8123F5270E00AEDAC4 /* Main.storyboard */ = {
			isa = PBXVariantGroup;
			children = (
				70DB2C8223F5270E00AEDAC4 /* Base */,
			);
			name = Main.storyboard;
			sourceTree = "<group>";
		};
		70DB2C8923F5271200AEDAC4 /* LaunchScreen.storyboard */ = {
			isa = PBXVariantGroup;
			children = (
				70DB2C8A23F5271200AEDAC4 /* Base */,
			);
			name = LaunchScreen.storyboard;
			sourceTree = "<group>";
		};
/* End PBXVariantGroup section */

/* Begin XCBuildConfiguration section */
		70DB2C9823F5271300AEDAC4 /* Debug */ = {
			isa = XCBuildConfiguration;
			buildSettings = {
				ALWAYS_SEARCH_USER_PATHS = NO;
				CLANG_ANALYZER_NONNULL = YES;
				CLANG_ANALYZER_NUMBER_OBJECT_CONVERSION = YES_AGGRESSIVE;
				CLANG_CXX_LANGUAGE_STANDARD = "gnu++14";
				CLANG_CXX_LIBRARY = "libc++";
				CLANG_ENABLE_MODULES = YES;
				CLANG_ENABLE_OBJC_ARC = YES;
				CLANG_ENABLE_OBJC_WEAK = YES;
				CLANG_WARN_BLOCK_CAPTURE_AUTORELEASING = YES;
				CLANG_WARN_BOOL_CONVERSION = YES;
				CLANG_WARN_COMMA = YES;
				CLANG_WARN_CONSTANT_CONVERSION = YES;
				CLANG_WARN_DEPRECATED_OBJC_IMPLEMENTATIONS = YES;
				CLANG_WARN_DIRECT_OBJC_ISA_USAGE = YES_ERROR;
				CLANG_WARN_DOCUMENTATION_COMMENTS = YES;
				CLANG_WARN_EMPTY_BODY = YES;
				CLANG_WARN_ENUM_CONVERSION = YES;
				CLANG_WARN_INFINITE_RECURSION = YES;
				CLANG_WARN_INT_CONVERSION = YES;
				CLANG_WARN_NON_LITERAL_NULL_CONVERSION = YES;
				CLANG_WARN_OBJC_IMPLICIT_RETAIN_SELF = YES;
				CLANG_WARN_OBJC_LITERAL_CONVERSION = YES;
				CLANG_WARN_OBJC_ROOT_CLASS = YES_ERROR;
				CLANG_WARN_RANGE_LOOP_ANALYSIS = YES;
				CLANG_WARN_STRICT_PROTOTYPES = YES;
				CLANG_WARN_SUSPICIOUS_MOVE = YES;
				CLANG_WARN_UNGUARDED_AVAILABILITY = YES_AGGRESSIVE;
				CLANG_WARN_UNREACHABLE_CODE = YES;
				CLANG_WARN__DUPLICATE_METHOD_MATCH = YES;
				COPY_PHASE_STRIP = NO;
				DEBUG_INFORMATION_FORMAT = dwarf;
				ENABLE_STRICT_OBJC_MSGSEND = YES;
				ENABLE_TESTABILITY = YES;
				GCC_C_LANGUAGE_STANDARD = gnu11;
				GCC_DYNAMIC_NO_PIC = NO;
				GCC_NO_COMMON_BLOCKS = YES;
				GCC_OPTIMIZATION_LEVEL = 0;
				GCC_PREPROCESSOR_DEFINITIONS = (
					"DEBUG=1",
					"$(inherited)",
				);
				GCC_WARN_64_TO_32_BIT_CONVERSION = YES;
				GCC_WARN_ABOUT_RETURN_TYPE = YES_ERROR;
				GCC_WARN_UNDECLARED_SELECTOR = YES;
				GCC_WARN_UNINITIALIZED_AUTOS = YES_AGGRESSIVE;
				GCC_WARN_UNUSED_FUNCTION = YES;
				GCC_WARN_UNUSED_VARIABLE = YES;
				IPHONEOS_DEPLOYMENT_TARGET = 13.2;
				MTL_ENABLE_DEBUG_INFO = INCLUDE_SOURCE;
				MTL_FAST_MATH = YES;
				ONLY_ACTIVE_ARCH = YES;
				SDKROOT = iphoneos;
				SWIFT_ACTIVE_COMPILATION_CONDITIONS = DEBUG;
				SWIFT_OPTIMIZATION_LEVEL = "-Onone";
			};
			name = Debug;
		};
		70DB2C9923F5271300AEDAC4 /* Release */ = {
			isa = XCBuildConfiguration;
			buildSettings = {
				ALWAYS_SEARCH_USER_PATHS = NO;
				CLANG_ANALYZER_NONNULL = YES;
				CLANG_ANALYZER_NUMBER_OBJECT_CONVERSION = YES_AGGRESSIVE;
				CLANG_CXX_LANGUAGE_STANDARD = "gnu++14";
				CLANG_CXX_LIBRARY = "libc++";
				CLANG_ENABLE_MODULES = YES;
				CLANG_ENABLE_OBJC_ARC = YES;
				CLANG_ENABLE_OBJC_WEAK = YES;
				CLANG_WARN_BLOCK_CAPTURE_AUTORELEASING = YES;
				CLANG_WARN_BOOL_CONVERSION = YES;
				CLANG_WARN_COMMA = YES;
				CLANG_WARN_CONSTANT_CONVERSION = YES;
				CLANG_WARN_DEPRECATED_OBJC_IMPLEMENTATIONS = YES;
				CLANG_WARN_DIRECT_OBJC_ISA_USAGE = YES_ERROR;
				CLANG_WARN_DOCUMENTATION_COMMENTS = YES;
				CLANG_WARN_EMPTY_BODY = YES;
				CLANG_WARN_ENUM_CONVERSION = YES;
				CLANG_WARN_INFINITE_RECURSION = YES;
				CLANG_WARN_INT_CONVERSION = YES;
				CLANG_WARN_NON_LITERAL_NULL_CONVERSION = YES;
				CLANG_WARN_OBJC_IMPLICIT_RETAIN_SELF = YES;
				CLANG_WARN_OBJC_LITERAL_CONVERSION = YES;
				CLANG_WARN_OBJC_ROOT_CLASS = YES_ERROR;
				CLANG_WARN_RANGE_LOOP_ANALYSIS = YES;
				CLANG_WARN_STRICT_PROTOTYPES = YES;
				CLANG_WARN_SUSPICIOUS_MOVE = YES;
				CLANG_WARN_UNGUARDED_AVAILABILITY = YES_AGGRESSIVE;
				CLANG_WARN_UNREACHABLE_CODE = YES;
				CLANG_WARN__DUPLICATE_METHOD_MATCH = YES;
				COPY_PHASE_STRIP = NO;
				DEBUG_INFORMATION_FORMAT = "dwarf-with-dsym";
				ENABLE_NS_ASSERTIONS = NO;
				ENABLE_STRICT_OBJC_MSGSEND = YES;
				GCC_C_LANGUAGE_STANDARD = gnu11;
				GCC_NO_COMMON_BLOCKS = YES;
				GCC_WARN_64_TO_32_BIT_CONVERSION = YES;
				GCC_WARN_ABOUT_RETURN_TYPE = YES_ERROR;
				GCC_WARN_UNDECLARED_SELECTOR = YES;
				GCC_WARN_UNINITIALIZED_AUTOS = YES_AGGRESSIVE;
				GCC_WARN_UNUSED_FUNCTION = YES;
				GCC_WARN_UNUSED_VARIABLE = YES;
				IPHONEOS_DEPLOYMENT_TARGET = 13.2;
				MTL_ENABLE_DEBUG_INFO = NO;
				MTL_FAST_MATH = YES;
				SDKROOT = iphoneos;
				SWIFT_COMPILATION_MODE = wholemodule;
				SWIFT_OPTIMIZATION_LEVEL = "-O";
				VALIDATE_PRODUCT = YES;
			};
			name = Release;
		};
		70DB2C9B23F5271300AEDAC4 /* Debug */ = {
			isa = XCBuildConfiguration;
			buildSettings = {
				ASSETCATALOG_COMPILER_APPICON_NAME = AppIcon;
				CODE_SIGN_STYLE = Automatic;
				DEVELOPMENT_TEAM = 9W2F73H7VN;
				INFOPLIST_FILE = EcommerceTemplate/Info.plist;
				LD_RUNPATH_SEARCH_PATHS = (
					"$(inherited)",
					"@executable_path/Frameworks",
				);
				PRODUCT_BUNDLE_IDENTIFIER = DreamCatcher.EcommerceTemplate;
				PRODUCT_NAME = "$(TARGET_NAME)";
				SWIFT_VERSION = 5.0;
				TARGETED_DEVICE_FAMILY = "1,2";
			};
			name = Debug;
		};
		70DB2C9C23F5271300AEDAC4 /* Release */ = {
			isa = XCBuildConfiguration;
			buildSettings = {
				ASSETCATALOG_COMPILER_APPICON_NAME = AppIcon;
				CODE_SIGN_STYLE = Automatic;
				DEVELOPMENT_TEAM = 9W2F73H7VN;
				INFOPLIST_FILE = EcommerceTemplate/Info.plist;
				LD_RUNPATH_SEARCH_PATHS = (
					"$(inherited)",
					"@executable_path/Frameworks",
				);
				PRODUCT_BUNDLE_IDENTIFIER = DreamCatcher.EcommerceTemplate;
				PRODUCT_NAME = "$(TARGET_NAME)";
				SWIFT_VERSION = 5.0;
				TARGETED_DEVICE_FAMILY = "1,2";
			};
			name = Release;
		};
		70DB2C9E23F5271300AEDAC4 /* Debug */ = {
			isa = XCBuildConfiguration;
			buildSettings = {
				ALWAYS_EMBED_SWIFT_STANDARD_LIBRARIES = YES;
				BUNDLE_LOADER = "$(TEST_HOST)";
				CODE_SIGN_STYLE = Automatic;
				DEVELOPMENT_TEAM = 9W2F73H7VN;
				INFOPLIST_FILE = EcommerceTemplateTests/Info.plist;
				IPHONEOS_DEPLOYMENT_TARGET = 13.2;
				LD_RUNPATH_SEARCH_PATHS = (
					"$(inherited)",
					"@executable_path/Frameworks",
					"@loader_path/Frameworks",
				);
				PRODUCT_BUNDLE_IDENTIFIER = DreamCatcher.EcommerceTemplateTests;
				PRODUCT_NAME = "$(TARGET_NAME)";
				SWIFT_VERSION = 5.0;
				TARGETED_DEVICE_FAMILY = "1,2";
				TEST_HOST = "$(BUILT_PRODUCTS_DIR)/EcommerceTemplate.app/EcommerceTemplate";
			};
			name = Debug;
		};
		70DB2C9F23F5271300AEDAC4 /* Release */ = {
			isa = XCBuildConfiguration;
			buildSettings = {
				ALWAYS_EMBED_SWIFT_STANDARD_LIBRARIES = YES;
				BUNDLE_LOADER = "$(TEST_HOST)";
				CODE_SIGN_STYLE = Automatic;
				DEVELOPMENT_TEAM = 9W2F73H7VN;
				INFOPLIST_FILE = EcommerceTemplateTests/Info.plist;
				IPHONEOS_DEPLOYMENT_TARGET = 13.2;
				LD_RUNPATH_SEARCH_PATHS = (
					"$(inherited)",
					"@executable_path/Frameworks",
					"@loader_path/Frameworks",
				);
				PRODUCT_BUNDLE_IDENTIFIER = DreamCatcher.EcommerceTemplateTests;
				PRODUCT_NAME = "$(TARGET_NAME)";
				SWIFT_VERSION = 5.0;
				TARGETED_DEVICE_FAMILY = "1,2";
				TEST_HOST = "$(BUILT_PRODUCTS_DIR)/EcommerceTemplate.app/EcommerceTemplate";
			};
			name = Release;
		};
/* End XCBuildConfiguration section */

/* Begin XCConfigurationList section */
		70DB2C7323F5270E00AEDAC4 /* Build configuration list for PBXProject "EcommerceTemplate" */ = {
			isa = XCConfigurationList;
			buildConfigurations = (
				70DB2C9823F5271300AEDAC4 /* Debug */,
				70DB2C9923F5271300AEDAC4 /* Release */,
			);
			defaultConfigurationIsVisible = 0;
			defaultConfigurationName = Release;
		};
		70DB2C9A23F5271300AEDAC4 /* Build configuration list for PBXNativeTarget "EcommerceTemplate" */ = {
			isa = XCConfigurationList;
			buildConfigurations = (
				70DB2C9B23F5271300AEDAC4 /* Debug */,
				70DB2C9C23F5271300AEDAC4 /* Release */,
			);
			defaultConfigurationIsVisible = 0;
			defaultConfigurationName = Release;
		};
		70DB2C9D23F5271300AEDAC4 /* Build configuration list for PBXNativeTarget "EcommerceTemplateTests" */ = {
			isa = XCConfigurationList;
			buildConfigurations = (
				70DB2C9E23F5271300AEDAC4 /* Debug */,
				70DB2C9F23F5271300AEDAC4 /* Release */,
			);
			defaultConfigurationIsVisible = 0;
			defaultConfigurationName = Release;
		};
/* End XCConfigurationList section */

/* Begin XCVersionGroup section */
		70DB2C8423F5270E00AEDAC4 /* EcommerceTemplate.xcdatamodeld */ = {
			isa = XCVersionGroup;
			children = (
				70DB2C8523F5270E00AEDAC4 /* EcommerceTemplate.xcdatamodel */,
			);
			currentVersion = 70DB2C8523F5270E00AEDAC4 /* EcommerceTemplate.xcdatamodel */;
			path = EcommerceTemplate.xcdatamodeld;
			sourceTree = "<group>";
			versionGroupType = wrapper.xcdatamodel;
		};
/* End XCVersionGroup section */
	};
	rootObject = 70DB2C7023F5270E00AEDAC4 /* Project object */;
}
